// !$*UTF8*$!
{
	archiveVersion = 1;
	classes = {
	};
	objectVersion = 46;
	objects = {

		882944687769A3FC0EAE36B1 = {isa = PBXBuildFile; fileRef = 308279E93E2FCFC59AF559E7; };
		F264D20EE9B777F2C3EBBED9 = {isa = PBXBuildFile; fileRef = 6A2051ED293DDB0339E6A2B4; };
		31CDE698E044EF9B46800FE5 = {isa = PBXBuildFile; fileRef = 4F8AAAD68D273682C30EC8FE; };
		FD5F5B35BF0259BB741DEC36 = {isa = PBXBuildFile; fileRef = B5A80E4783C09987AC7FBE9B; };
		41C7199CB8FEA84979452447 = {isa = PBXBuildFile; fileRef = 487B2ED570313DE9BFB69C2C; };
		B9D127E3D362FF83AB2CF435 = {isa = PBXBuildFile; fileRef = FDAA55191A8282F673FB3D93; };
		E95AABCC74075E4286B1F0B6 = {isa = PBXBuildFile; fileRef = 077525ED7BD6514ED4BCDB26; };
		DC1DBF4A6830FE0011C974FF = {isa = PBXBuildFile; fileRef = 6A4E94745B6343897C0B81FA; };
		11D2C7291C3F4C5A81CF1368 = {isa = PBXBuildFile; fileRef = 27A2FB846EC1E98E5204149D; };
		AFB80C881D2BE39D9BB55415 = {isa = PBXBuildFile; fileRef = 0289B32E162A2959D07F67CE; };
		713A4C74F0CF14E10B0DCC66 = {isa = PBXBuildFile; fileRef = B289A6D441C3686D7CA3B209; };
		2BA8683ECF181AA8F6D7BDD0 = {isa = PBXBuildFile; fileRef = 7CABDA4C8EC41F4B365342CA; };
		9F73ABC1F6BAEE312D863E2E = {isa = PBXBuildFile; fileRef = 04DD32002BB274BEF753177B; };
		109E3B60570885A8B5EEB176 = {isa = PBXBuildFile; fileRef = B5352878F998054EFA9E4540; };
		7206326C6A9BB63BAED78028 = {isa = PBXBuildFile; fileRef = 7ABCD6D5D58FA14F668B703E; };
		7981D52333D13330A1B38A65 = {isa = PBXBuildFile; fileRef = 3236E9AFE6122378ACE02C4F; };
		1680DFC08939A166F101516E = {isa = PBXBuildFile; fileRef = 31E01AE95E783341F899CD8D; };
		7829E8682E9FAA978CB837DB = {isa = PBXBuildFile; fileRef = 7E36A300B594E42EF45BF420; };
		CBCD87B6F04C206CF2E59615 = {isa = PBXBuildFile; fileRef = A0B8813A64456046EFDEE4B2; };
		2115203AD9736299D74EDC85 = {isa = PBXBuildFile; fileRef = 84678B5CB69521DFA0292A66; };
		94D8DD12889AB383AD6E363F = {isa = PBXBuildFile; fileRef = 7B12082137A68AA08F6C93C3; };
		A556DD66BCF26185C4F47F8F = {isa = PBXBuildFile; fileRef = A78FBD2E707CDBE94693F8CF; };
		B8072C1FA8D42AC7A808D83C = {isa = PBXBuildFile; fileRef = 7F9E6B1F73A37914827FC942; };
		1BEFF341E141E689A1B81740 = {isa = PBXBuildFile; fileRef = EDE01C4AB64AD52AA6383248; };
		DE23DADE59255571B06E361C = {isa = PBXBuildFile; fileRef = 22A00639EFB7CB6F916D9FBB; };
		BAC19AE91BDA6CEF474AA659 = {isa = PBXBuildFile; fileRef = F51F50C47A560FE9B648D4F4; };
		FC063262058EE2F5A8FCE001 = {isa = PBXBuildFile; fileRef = 9CF63287CA333FB0ECC08310; };
		9AE3630670FF6997F200C787 = {isa = PBXBuildFile; fileRef = 18F50625351712DB31D51E90; };
		5AC335325581DA81B09D2332 = {isa = PBXBuildFile; fileRef = 004880F0C08F5E6621B41E44; };
		F611E0CB8E145BF1B26DD4B9 = {isa = PBXBuildFile; fileRef = 4D7578325B2A0CE34D92491C; };
		65CB39895EDFE73AE33300EF = {isa = PBXBuildFile; fileRef = 81CAD541949D42948D9D3FD5; };
		561182D32E58EA0A3CEEB890 = {isa = PBXBuildFile; fileRef = 928E141FAD489F84D335D586; };
		3E97AD7BCA040DC5BCF5C9EA = {isa = PBXBuildFile; fileRef = 9FD97D1FC985CC39C448C168; };
		ADA1AB4EEFCBE71648E6A7D9 = {isa = PBXBuildFile; fileRef = 10D235F7010B8FD8C56B8DDE; };
		004880F0C08F5E6621B41E44 = {isa = PBXFileReference; lastKnownFileType = sourcecode.cpp.objcpp; name = "include_juce_events.mm"; path = "../../JuceLibraryCode/include_juce_events.mm"; sourceTree = "SOURCE_ROOT"; };
		0289B32E162A2959D07F67CE = {isa = PBXFileReference; lastKnownFileType = wrapper.framework; name = CoreMIDI.framework; path = System/Library/Frameworks/CoreMIDI.framework; sourceTree = SDKROOT; };
		04DD32002BB274BEF753177B = {isa = PBXFileReference; lastKnownFileType = wrapper.framework; name = OpenGL.framework; path = System/Library/Frameworks/OpenGL.framework; sourceTree = SDKROOT; };
		077525ED7BD6514ED4BCDB26 = {isa = PBXFileReference; lastKnownFileType = wrapper.framework; name = Cocoa.framework; path = System/Library/Frameworks/Cocoa.framework; sourceTree = SDKROOT; };
		10D235F7010B8FD8C56B8DDE = {isa = PBXFileReference; lastKnownFileType = sourcecode.cpp.objcpp; name = "include_juce_video.mm"; path = "../../JuceLibraryCode/include_juce_video.mm"; sourceTree = "SOURCE_ROOT"; };
		18F50625351712DB31D51E90 = {isa = PBXFileReference; lastKnownFileType = sourcecode.cpp.objcpp; name = "include_juce_data_structures.mm"; path = "../../JuceLibraryCode/include_juce_data_structures.mm"; sourceTree = "SOURCE_ROOT"; };
		19F18C71A5A96A40B38CD5BD = {isa = PBXFileReference; lastKnownFileType = file; name = "juce_cryptography"; path = "../../../../modules/juce_cryptography"; sourceTree = "SOURCE_ROOT"; };
		1D8B72B322B79BC5E52C613A = {isa = PBXFileReference; lastKnownFileType = file; name = "juce_audio_processors"; path = "../../../../modules/juce_audio_processors"; sourceTree = "SOURCE_ROOT"; };
		22A00639EFB7CB6F916D9FBB = {isa = PBXFileReference; lastKnownFileType = sourcecode.cpp.cpp; name = "include_juce_blocks_basics.cpp"; path = "../../JuceLibraryCode/include_juce_blocks_basics.cpp"; sourceTree = "SOURCE_ROOT"; };
		27A2FB846EC1E98E5204149D = {isa = PBXFileReference; lastKnownFileType = wrapper.framework; name = CoreMedia.framework; path = System/Library/Frameworks/CoreMedia.framework; sourceTree = SDKROOT; };
		287A9D22310DC0E117F45E9C = {isa = PBXFileReference; lastKnownFileType = file; name = "juce_opengl"; path = "../../../../modules/juce_opengl"; sourceTree = "SOURCE_ROOT"; };
		29C86D61F84B642A92C98F60 = {isa = PBXFileReference; lastKnownFileType = file; name = "juce_audio_devices"; path = "../../../../modules/juce_audio_devices"; sourceTree = "SOURCE_ROOT"; };
		308279E93E2FCFC59AF559E7 = {isa = PBXFileReference; explicitFileType = wrapper.application; includeInIndex = 0; path = Bound.app; sourceTree = "BUILT_PRODUCTS_DIR"; };
		31E01AE95E783341F899CD8D = {isa = PBXFileReference; lastKnownFileType = sourcecode.cpp.cpp; name = Game.cpp; path = ../../Source/Game.cpp; sourceTree = "SOURCE_ROOT"; };
		320CB469B5F4517A7726643D = {isa = PBXFileReference; lastKnownFileType = sourcecode.c.h; name = Game.h; path = ../../Source/Game.h; sourceTree = "SOURCE_ROOT"; };
		3236E9AFE6122378ACE02C4F = {isa = PBXFileReference; lastKnownFileType = file.nib; name = RecentFilesMenuTemplate.nib; path = RecentFilesMenuTemplate.nib; sourceTree = "SOURCE_ROOT"; };
		3998F2B0F39E6D30FCF6533C = {isa = PBXFileReference; lastKnownFileType = file; name = "juce_video"; path = "../../../../modules/juce_video"; sourceTree = "SOURCE_ROOT"; };
		3DA1E99CFBEBC35E5C96C6F3 = {isa = PBXFileReference; lastKnownFileType = file; name = "juce_data_structures"; path = "../../../../modules/juce_data_structures"; sourceTree = "SOURCE_ROOT"; };
		4645ADB68BCD86E774BF248A = {isa = PBXFileReference; lastKnownFileType = file; name = "juce_audio_formats"; path = "../../../../modules/juce_audio_formats"; sourceTree = "SOURCE_ROOT"; };
		47592A82161E972130738576 = {isa = PBXFileReference; lastKnownFileType = file; name = "juce_audio_basics"; path = "../../../../modules/juce_audio_basics"; sourceTree = "SOURCE_ROOT"; };
		487B2ED570313DE9BFB69C2C = {isa = PBXFileReference; lastKnownFileType = wrapper.framework; name = AVKit.framework; path = System/Library/Frameworks/AVKit.framework; sourceTree = SDKROOT; };
		493D4C4C3434C1BEA5F54CD7 = {isa = PBXFileReference; lastKnownFileType = sourcecode.c.h; name = LightpadComponent.h; path = ../../Source/LightpadComponent.h; sourceTree = "SOURCE_ROOT"; };
		4D7578325B2A0CE34D92491C = {isa = PBXFileReference; lastKnownFileType = sourcecode.cpp.objcpp; name = "include_juce_graphics.mm"; path = "../../JuceLibraryCode/include_juce_graphics.mm"; sourceTree = "SOURCE_ROOT"; };
		4F8AAAD68D273682C30EC8FE = {isa = PBXFileReference; lastKnownFileType = wrapper.framework; name = AudioToolbox.framework; path = System/Library/Frameworks/AudioToolbox.framework; sourceTree = SDKROOT; };
		4FF9E59AF86B5C6E15872A63 = {isa = PBXFileReference; lastKnownFileType = sourcecode.c.h; name = JuceHeader.h; path = ../../JuceLibraryCode/JuceHeader.h; sourceTree = "SOURCE_ROOT"; };
		56E5313E46E401674EEC0DA6 = {isa = PBXFileReference; lastKnownFileType = file; name = "juce_gui_extra"; path = "../../../../modules/juce_gui_extra"; sourceTree = "SOURCE_ROOT"; };
		586D7F16EE74AE3AB2FC67DD = {isa = PBXFileReference; lastKnownFileType = file; name = "juce_gui_basics"; path = "../../../../modules/juce_gui_basics"; sourceTree = "SOURCE_ROOT"; };
		6643A803A9EE93DB2D844448 = {isa = PBXFileReference; lastKnownFileType = sourcecode.c.h; name = AppConfig.h; path = ../../JuceLibraryCode/AppConfig.h; sourceTree = "SOURCE_ROOT"; };
		6A2051ED293DDB0339E6A2B4 = {isa = PBXFileReference; lastKnownFileType = wrapper.framework; name = Accelerate.framework; path = System/Library/Frameworks/Accelerate.framework; sourceTree = SDKROOT; };
		6A4E94745B6343897C0B81FA = {isa = PBXFileReference; lastKnownFileType = wrapper.framework; name = CoreAudio.framework; path = System/Library/Frameworks/CoreAudio.framework; sourceTree = SDKROOT; };
		7119871F84A857710C513EB8 = {isa = PBXFileReference; lastKnownFileType = text.plist.xml; name = "Info-App.plist"; path = "Info-App.plist"; sourceTree = "SOURCE_ROOT"; };
		7ABCD6D5D58FA14F668B703E = {isa = PBXFileReference; lastKnownFileType = wrapper.framework; name = WebKit.framework; path = System/Library/Frameworks/WebKit.framework; sourceTree = SDKROOT; };
		7B12082137A68AA08F6C93C3 = {isa = PBXFileReference; lastKnownFileType = sourcecode.cpp.objcpp; name = "include_juce_audio_devices.mm"; path = "../../JuceLibraryCode/include_juce_audio_devices.mm"; sourceTree = "SOURCE_ROOT"; };
		7CABDA4C8EC41F4B365342CA = {isa = PBXFileReference; lastKnownFileType = wrapper.framework; name = IOKit.framework; path = System/Library/Frameworks/IOKit.framework; sourceTree = SDKROOT; };
		7E36A300B594E42EF45BF420 = {isa = PBXFileReference; lastKnownFileType = sourcecode.cpp.cpp; name = MainComponent.cpp; path = ../../Source/MainComponent.cpp; sourceTree = "SOURCE_ROOT"; };
		7F9E6B1F73A37914827FC942 = {isa = PBXFileReference; lastKnownFileType = sourcecode.cpp.objcpp; name = "include_juce_audio_processors.mm"; path = "../../JuceLibraryCode/include_juce_audio_processors.mm"; sourceTree = "SOURCE_ROOT"; };
		81CAD541949D42948D9D3FD5 = {isa = PBXFileReference; lastKnownFileType = sourcecode.cpp.objcpp; name = "include_juce_gui_basics.mm"; path = "../../JuceLibraryCode/include_juce_gui_basics.mm"; sourceTree = "SOURCE_ROOT"; };
		84678B5CB69521DFA0292A66 = {isa = PBXFileReference; lastKnownFileType = sourcecode.cpp.objcpp; name = "include_juce_audio_basics.mm"; path = "../../JuceLibraryCode/include_juce_audio_basics.mm"; sourceTree = "SOURCE_ROOT"; };
		928E141FAD489F84D335D586 = {isa = PBXFileReference; lastKnownFileType = sourcecode.cpp.objcpp; name = "include_juce_gui_extra.mm"; path = "../../JuceLibraryCode/include_juce_gui_extra.mm"; sourceTree = "SOURCE_ROOT"; };
		9CF63287CA333FB0ECC08310 = {isa = PBXFileReference; lastKnownFileType = sourcecode.cpp.objcpp; name = "include_juce_cryptography.mm"; path = "../../JuceLibraryCode/include_juce_cryptography.mm"; sourceTree = "SOURCE_ROOT"; };
		9FD97D1FC985CC39C448C168 = {isa = PBXFileReference; lastKnownFileType = sourcecode.cpp.objcpp; name = "include_juce_opengl.mm"; path = "../../JuceLibraryCode/include_juce_opengl.mm"; sourceTree = "SOURCE_ROOT"; };
		A0B8813A64456046EFDEE4B2 = {isa = PBXFileReference; lastKnownFileType = sourcecode.cpp.cpp; name = Main.cpp; path = ../../Source/Main.cpp; sourceTree = "SOURCE_ROOT"; };
		A58291630F3CD446A379F133 = {isa = PBXFileReference; lastKnownFileType = file; name = "juce_events"; path = "../../../../modules/juce_events"; sourceTree = "SOURCE_ROOT"; };
		A78FBD2E707CDBE94693F8CF = {isa = PBXFileReference; lastKnownFileType = sourcecode.cpp.objcpp; name = "include_juce_audio_formats.mm"; path = "../../JuceLibraryCode/include_juce_audio_formats.mm"; sourceTree = "SOURCE_ROOT"; };
		AD49F3CC4CAD07B8D1FD3A1B = {isa = PBXFileReference; lastKnownFileType = sourcecode.c.h; name = MainComponent.h; path = ../../Source/MainComponent.h; sourceTree = "SOURCE_ROOT"; };
		B289A6D441C3686D7CA3B209 = {isa = PBXFileReference; lastKnownFileType = wrapper.framework; name = DiscRecording.framework; path = System/Library/Frameworks/DiscRecording.framework; sourceTree = SDKROOT; };
		B5352878F998054EFA9E4540 = {isa = PBXFileReference; lastKnownFileType = wrapper.framework; name = QuartzCore.framework; path = System/Library/Frameworks/QuartzCore.framework; sourceTree = SDKROOT; };
		B5A80E4783C09987AC7FBE9B = {isa = PBXFileReference; lastKnownFileType = wrapper.framework; name = AVFoundation.framework; path = System/Library/Frameworks/AVFoundation.framework; sourceTree = SDKROOT; };
		B76359383849BB59FFF66F8E = {isa = PBXFileReference; lastKnownFileType = file; name = "juce_audio_utils"; path = "../../../../modules/juce_audio_utils"; sourceTree = "SOURCE_ROOT"; };
		D9E681237D108DB4180C9517 = {isa = PBXFileReference; lastKnownFileType = file; name = "juce_blocks_basics"; path = "../../../../modules/juce_blocks_basics"; sourceTree = "SOURCE_ROOT"; };
		E44B6F3311BCAC98F713C074 = {isa = PBXFileReference; lastKnownFileType = file; name = "juce_core"; path = "../../../../modules/juce_core"; sourceTree = "SOURCE_ROOT"; };
		ED2C692BED1BD0EAA354DE2F = {isa = PBXFileReference; lastKnownFileType = file; name = "juce_graphics"; path = "../../../../modules/juce_graphics"; sourceTree = "SOURCE_ROOT"; };
		EDE01C4AB64AD52AA6383248 = {isa = PBXFileReference; lastKnownFileType = sourcecode.cpp.objcpp; name = "include_juce_audio_utils.mm"; path = "../../JuceLibraryCode/include_juce_audio_utils.mm"; sourceTree = "SOURCE_ROOT"; };
		F51F50C47A560FE9B648D4F4 = {isa = PBXFileReference; lastKnownFileType = sourcecode.cpp.objcpp; name = "include_juce_core.mm"; path = "../../JuceLibraryCode/include_juce_core.mm"; sourceTree = "SOURCE_ROOT"; };
		FDAA55191A8282F673FB3D93 = {isa = PBXFileReference; lastKnownFileType = wrapper.framework; name = Carbon.framework; path = System/Library/Frameworks/Carbon.framework; sourceTree = SDKROOT; };
		E3FA927715B9CADF3B17C984 = {isa = PBXGroup; children = (
					320CB469B5F4517A7726643D,
					31E01AE95E783341F899CD8D,
					493D4C4C3434C1BEA5F54CD7,
					7E36A300B594E42EF45BF420,
					AD49F3CC4CAD07B8D1FD3A1B,
					A0B8813A64456046EFDEE4B2, ); name = Source; sourceTree = "<group>"; };
		07C85459A00480FA2D01C38D = {isa = PBXGroup; children = (
					E3FA927715B9CADF3B17C984, ); name = Bound; sourceTree = "<group>"; };
		6322B181C73D94EFE0C272B7 = {isa = PBXGroup; children = (
					47592A82161E972130738576,
					29C86D61F84B642A92C98F60,
					4645ADB68BCD86E774BF248A,
					1D8B72B322B79BC5E52C613A,
					B76359383849BB59FFF66F8E,
					D9E681237D108DB4180C9517,
					E44B6F3311BCAC98F713C074,
					19F18C71A5A96A40B38CD5BD,
					3DA1E99CFBEBC35E5C96C6F3,
					A58291630F3CD446A379F133,
					ED2C692BED1BD0EAA354DE2F,
					586D7F16EE74AE3AB2FC67DD,
					56E5313E46E401674EEC0DA6,
					287A9D22310DC0E117F45E9C,
					3998F2B0F39E6D30FCF6533C, ); name = "Juce Modules"; sourceTree = "<group>"; };
		4DDBB75260E8040F5CD75D4A = {isa = PBXGroup; children = (
					6643A803A9EE93DB2D844448,
					84678B5CB69521DFA0292A66,
					7B12082137A68AA08F6C93C3,
					A78FBD2E707CDBE94693F8CF,
					7F9E6B1F73A37914827FC942,
					EDE01C4AB64AD52AA6383248,
					22A00639EFB7CB6F916D9FBB,
					F51F50C47A560FE9B648D4F4,
					9CF63287CA333FB0ECC08310,
					18F50625351712DB31D51E90,
					004880F0C08F5E6621B41E44,
					4D7578325B2A0CE34D92491C,
					81CAD541949D42948D9D3FD5,
					928E141FAD489F84D335D586,
					9FD97D1FC985CC39C448C168,
					10D235F7010B8FD8C56B8DDE,
					4FF9E59AF86B5C6E15872A63, ); name = "Juce Library Code"; sourceTree = "<group>"; };
		0C82B99B211984F02AB54F11 = {isa = PBXGroup; children = (
					7119871F84A857710C513EB8,
					3236E9AFE6122378ACE02C4F, ); name = Resources; sourceTree = "<group>"; };
		56CD47141CE1526B6949FC80 = {isa = PBXGroup; children = (
					6A2051ED293DDB0339E6A2B4,
					4F8AAAD68D273682C30EC8FE,
					B5A80E4783C09987AC7FBE9B,
					487B2ED570313DE9BFB69C2C,
					FDAA55191A8282F673FB3D93,
					077525ED7BD6514ED4BCDB26,
					6A4E94745B6343897C0B81FA,
					27A2FB846EC1E98E5204149D,
					0289B32E162A2959D07F67CE,
					B289A6D441C3686D7CA3B209,
					7CABDA4C8EC41F4B365342CA,
					04DD32002BB274BEF753177B,
					B5352878F998054EFA9E4540,
					7ABCD6D5D58FA14F668B703E, ); name = Frameworks; sourceTree = "<group>"; };
		8ED42E7B5835722E5D017BAD = {isa = PBXGroup; children = (
					308279E93E2FCFC59AF559E7, ); name = Products; sourceTree = "<group>"; };
		A4B11854FB12877B6EB5C890 = {isa = PBXGroup; children = (
					07C85459A00480FA2D01C38D,
					6322B181C73D94EFE0C272B7,
					4DDBB75260E8040F5CD75D4A,
					0C82B99B211984F02AB54F11,
					56CD47141CE1526B6949FC80,
					8ED42E7B5835722E5D017BAD, ); name = Source; sourceTree = "<group>"; };
		3AEB6D5D94FDF24E67AC3C79 = {isa = XCBuildConfiguration; buildSettings = {
				CLANG_CXX_LANGUAGE_STANDARD = "c++11";
				CLANG_LINK_OBJC_RUNTIME = NO;
				COMBINE_HIDPI_IMAGES = YES;
				CONFIGURATION_BUILD_DIR = "$(PROJECT_DIR)/build/$(CONFIGURATION)";
				COPY_PHASE_STRIP = NO;
				GCC_DYNAMIC_NO_PIC = NO;
				GCC_OPTIMIZATION_LEVEL = 0;
				GCC_PREPROCESSOR_DEFINITIONS = (
					"_DEBUG=1",
					"DEBUG=1",
					"JUCER_XCODE_MAC_F6D2F4CF=1",
					"JUCE_APP_VERSION=1.0.0",
					"JUCE_APP_VERSION_HEX=0x10000",
					"JucePlugin_Build_VST=0",
					"JucePlugin_Build_VST3=0",
					"JucePlugin_Build_AU=0",
					"JucePlugin_Build_AUv3=0",
					"JucePlugin_Build_RTAS=0",
					"JucePlugin_Build_AAX=0",
					"JucePlugin_Build_Standalone=0", );
				GCC_VERSION = com.apple.compilers.llvm.clang.1_0;
				HEADER_SEARCH_PATHS = ("../../JuceLibraryCode", "../../../../modules", "$(inherited)");
				INFOPLIST_FILE = Info-App.plist;
				INFOPLIST_PREPROCESS = NO;
				INSTALL_PATH = "$(HOME)/Applications";
				MACOSX_DEPLOYMENT_TARGET = 10.11;
				MACOSX_DEPLOYMENT_TARGET_ppc = 10.4;
				PRODUCT_BUNDLE_IDENTIFIER = com.yourcompany.Bound;
				SDKROOT_ppc = macosx10.5;
				USE_HEADERMAP = NO; }; name = Debug; };
		D86230B7DF507D7F3C64BF90 = {isa = XCBuildConfiguration; buildSettings = {
				CLANG_CXX_LANGUAGE_STANDARD = "c++11";
				CLANG_LINK_OBJC_RUNTIME = NO;
				COMBINE_HIDPI_IMAGES = YES;
				CONFIGURATION_BUILD_DIR = "$(PROJECT_DIR)/build/$(CONFIGURATION)";
				DEAD_CODE_STRIPPING = YES;
				GCC_GENERATE_DEBUGGING_SYMBOLS = NO;
				GCC_OPTIMIZATION_LEVEL = 3;
				GCC_PREPROCESSOR_DEFINITIONS = (
					"_NDEBUG=1",
					"NDEBUG=1",
					"JUCER_XCODE_MAC_F6D2F4CF=1",
					"JUCE_APP_VERSION=1.0.0",
					"JUCE_APP_VERSION_HEX=0x10000",
					"JucePlugin_Build_VST=0",
					"JucePlugin_Build_VST3=0",
					"JucePlugin_Build_AU=0",
					"JucePlugin_Build_AUv3=0",
					"JucePlugin_Build_RTAS=0",
					"JucePlugin_Build_AAX=0",
					"JucePlugin_Build_Standalone=0", );
				GCC_SYMBOLS_PRIVATE_EXTERN = YES;
				GCC_VERSION = com.apple.compilers.llvm.clang.1_0;
				HEADER_SEARCH_PATHS = ("../../JuceLibraryCode", "../../../../modules", "$(inherited)");
				INFOPLIST_FILE = Info-App.plist;
				INFOPLIST_PREPROCESS = NO;
				INSTALL_PATH = "$(HOME)/Applications";
				MACOSX_DEPLOYMENT_TARGET = 10.11;
				MACOSX_DEPLOYMENT_TARGET_ppc = 10.4;
				PRODUCT_BUNDLE_IDENTIFIER = com.yourcompany.Bound;
				SDKROOT_ppc = macosx10.5;
				USE_HEADERMAP = NO; }; name = Release; };
		AE5FD6B10C7FD08D6A89D88B = {isa = XCBuildConfiguration; buildSettings = {
				ALWAYS_SEARCH_USER_PATHS = NO;
				CLANG_WARN_BLOCK_CAPTURE_AUTORELEASING = YES;
				CLANG_WARN_BOOL_CONVERSION = YES;
				CLANG_WARN_COMMA = YES;
				CLANG_WARN_CONSTANT_CONVERSION = YES;
				CLANG_WARN_EMPTY_BODY = YES;
				CLANG_WARN_ENUM_CONVERSION = YES;
				CLANG_WARN_INFINITE_RECURSION = YES;
				CLANG_WARN_INT_CONVERSION = YES;
				CLANG_WARN_NON_LITERAL_NULL_CONVERSION = YES;
				CLANG_WARN_OBJC_LITERAL_CONVERSION = YES;
				CLANG_WARN_RANGE_LOOP_ANALYSIS = YES;
				CLANG_WARN_STRICT_PROTOTYPES = YES;
				CLANG_WARN_SUSPICIOUS_MOVE = YES;
				CLANG_WARN_UNREACHABLE_CODE = YES;
				CLANG_WARN__DUPLICATE_METHOD_MATCH = YES;
				DEBUG_INFORMATION_FORMAT = "dwarf";
				ENABLE_STRICT_OBJC_MSGSEND = YES;
				ENABLE_TESTABILITY = YES;
				GCC_C_LANGUAGE_STANDARD = c11;
				GCC_INLINES_ARE_PRIVATE_EXTERN = YES;
				GCC_MODEL_TUNING = G5;
				GCC_NO_COMMON_BLOCKS = YES;
				GCC_WARN_64_TO_32_BIT_CONVERSION = YES;
				GCC_WARN_ABOUT_RETURN_TYPE = YES;
				GCC_WARN_CHECK_SWITCH_STATEMENTS = YES;
				GCC_WARN_MISSING_PARENTHESES = YES;
				GCC_WARN_NON_VIRTUAL_DESTRUCTOR = YES;
				GCC_WARN_TYPECHECK_CALLS_TO_PRINTF = YES;
				GCC_WARN_UNDECLARED_SELECTOR = YES;
				GCC_WARN_UNINITIALIZED_AUTOS = YES;
				GCC_WARN_UNUSED_FUNCTION = YES;
				GCC_WARN_UNUSED_VARIABLE = YES;
				ONLY_ACTIVE_ARCH = YES;
				PRODUCT_NAME = "Bound";
				WARNING_CFLAGS = -Wreorder;
				ZERO_LINK = NO; }; name = Debug; };
		9B68D4E715327FC57628DCB3 = {isa = XCBuildConfiguration; buildSettings = {
				ALWAYS_SEARCH_USER_PATHS = NO;
				CLANG_WARN_BLOCK_CAPTURE_AUTORELEASING = YES;
				CLANG_WARN_BOOL_CONVERSION = YES;
				CLANG_WARN_COMMA = YES;
				CLANG_WARN_CONSTANT_CONVERSION = YES;
				CLANG_WARN_EMPTY_BODY = YES;
				CLANG_WARN_ENUM_CONVERSION = YES;
				CLANG_WARN_INFINITE_RECURSION = YES;
				CLANG_WARN_INT_CONVERSION = YES;
				CLANG_WARN_NON_LITERAL_NULL_CONVERSION = YES;
				CLANG_WARN_OBJC_LITERAL_CONVERSION = YES;
				CLANG_WARN_RANGE_LOOP_ANALYSIS = YES;
				CLANG_WARN_STRICT_PROTOTYPES = YES;
				CLANG_WARN_SUSPICIOUS_MOVE = YES;
				CLANG_WARN_UNREACHABLE_CODE = YES;
				CLANG_WARN__DUPLICATE_METHOD_MATCH = YES;
				DEBUG_INFORMATION_FORMAT = "dwarf";
				ENABLE_STRICT_OBJC_MSGSEND = YES;
				GCC_C_LANGUAGE_STANDARD = c11;
				GCC_INLINES_ARE_PRIVATE_EXTERN = YES;
				GCC_MODEL_TUNING = G5;
				GCC_NO_COMMON_BLOCKS = YES;
				GCC_WARN_64_TO_32_BIT_CONVERSION = YES;
				GCC_WARN_ABOUT_RETURN_TYPE = YES;
				GCC_WARN_CHECK_SWITCH_STATEMENTS = YES;
				GCC_WARN_MISSING_PARENTHESES = YES;
				GCC_WARN_NON_VIRTUAL_DESTRUCTOR = YES;
				GCC_WARN_TYPECHECK_CALLS_TO_PRINTF = YES;
				GCC_WARN_UNDECLARED_SELECTOR = YES;
				GCC_WARN_UNINITIALIZED_AUTOS = YES;
				GCC_WARN_UNUSED_FUNCTION = YES;
				GCC_WARN_UNUSED_VARIABLE = YES;
				PRODUCT_NAME = "Bound";
				WARNING_CFLAGS = -Wreorder;
				ZERO_LINK = NO; }; name = Release; };
		FB623B75FF776E7198FCA22D = {isa = PBXTargetDependency; target = 764FD6BC87BB62A0E51E3F25; };
		DFA231A7D7EF69F532A58DAC = {isa = XCConfigurationList; buildConfigurations = (
					AE5FD6B10C7FD08D6A89D88B,
					9B68D4E715327FC57628DCB3, ); defaultConfigurationIsVisible = 0; defaultConfigurationName = Debug; };
		966DE47A5C2D5B823ADC5B7A = {isa = XCConfigurationList; buildConfigurations = (
					3AEB6D5D94FDF24E67AC3C79,
					D86230B7DF507D7F3C64BF90, ); defaultConfigurationIsVisible = 0; defaultConfigurationName = Debug; };
		6EA6ACB7FE0F86BE051D5A68 = {isa = PBXResourcesBuildPhase; buildActionMask = 2147483647; files = (
					7981D52333D13330A1B38A65, ); runOnlyForDeploymentPostprocessing = 0; };
		C2B40486EC9AF1B1DE50AEB5 = {isa = PBXSourcesBuildPhase; buildActionMask = 2147483647; files = (
					1680DFC08939A166F101516E,
					7829E8682E9FAA978CB837DB,
					CBCD87B6F04C206CF2E59615,
					2115203AD9736299D74EDC85,
					94D8DD12889AB383AD6E363F,
					A556DD66BCF26185C4F47F8F,
					B8072C1FA8D42AC7A808D83C,
					1BEFF341E141E689A1B81740,
					DE23DADE59255571B06E361C,
					BAC19AE91BDA6CEF474AA659,
					FC063262058EE2F5A8FCE001,
					9AE3630670FF6997F200C787,
					5AC335325581DA81B09D2332,
					F611E0CB8E145BF1B26DD4B9,
					65CB39895EDFE73AE33300EF,
					561182D32E58EA0A3CEEB890,
					3E97AD7BCA040DC5BCF5C9EA,
					ADA1AB4EEFCBE71648E6A7D9, ); runOnlyForDeploymentPostprocessing = 0; };
		B6BD58C4D17A696772A6C990 = {isa = PBXFrameworksBuildPhase; buildActionMask = 2147483647; files = (
					F264D20EE9B777F2C3EBBED9,
					31CDE698E044EF9B46800FE5,
					FD5F5B35BF0259BB741DEC36,
					41C7199CB8FEA84979452447,
					B9D127E3D362FF83AB2CF435,
					E95AABCC74075E4286B1F0B6,
					DC1DBF4A6830FE0011C974FF,
					11D2C7291C3F4C5A81CF1368,
					AFB80C881D2BE39D9BB55415,
					713A4C74F0CF14E10B0DCC66,
					2BA8683ECF181AA8F6D7BDD0,
					9F73ABC1F6BAEE312D863E2E,
					109E3B60570885A8B5EEB176,
					7206326C6A9BB63BAED78028, ); runOnlyForDeploymentPostprocessing = 0; };
		764FD6BC87BB62A0E51E3F25 = {isa = PBXNativeTarget; buildConfigurationList = 966DE47A5C2D5B823ADC5B7A; buildPhases = (
					6EA6ACB7FE0F86BE051D5A68,
					C2B40486EC9AF1B1DE50AEB5,
					B6BD58C4D17A696772A6C990, ); buildRules = ( ); dependencies = (  ); name = "Bound - App"; productName = Bound; productReference = 308279E93E2FCFC59AF559E7; productType = "com.apple.product-type.application"; };
		C16AD7D95709B5F6E62C0ECD = {isa = PBXProject; buildConfigurationList = DFA231A7D7EF69F532A58DAC; attributes = { LastUpgradeCheck = 0830; TargetAttributes = { 764FD6BC87BB62A0E51E3F25 = { SystemCapabilities = {com.apple.ApplicationGroups.iOS = { enabled = 0; }; com.apple.InAppPurchase = { enabled = 0; }; com.apple.InterAppAudio = { enabled = 0; }; com.apple.Push = { enabled = 0; }; com.apple.Sandbox = { enabled = 0; }; }; }; }; }; compatibilityVersion = "Xcode 3.2"; hasScannedForEncodings = 0; mainGroup = A4B11854FB12877B6EB5C890; projectDirPath = ""; projectRoot = ""; targets = (764FD6BC87BB62A0E51E3F25); };
	};
	rootObject = C16AD7D95709B5F6E62C0ECD;
}
